
Microsoft Visual Studio Solution File, Format Version 12.00
# Visual Studio 15
VisualStudioVersion = 15.0.28307.1022
MinimumVisualStudioVersion = 10.0.40219.1
Project("{FAE04EC0-301F-11D3-BF4B-00C04F79EFBC}") = "HelloWorld", "HelloWorld\HelloWorld.csproj", "{80C7A2A5-BC48-4D9F-A27F-88D2E7528B3D}"
EndProject
Global
	GlobalSection(SolutionConfigurationPlatforms) = preSolution
		Debug|Any CPU = Debug|Any CPU
		Release|Any CPU = Release|Any CPU
	EndGlobalSection
	GlobalSection(ProjectConfigurationPlatforms) = postSolution
		{80C7A2A5-BC48-4D9F-A27F-88D2E7528B3D}.Debug|Any CPU.ActiveCfg = Debug|Any CPU
		{80C7A2A5-BC48-4D9F-A27F-88D2E7528B3D}.Debug|Any CPU.Build.0 = Debug|Any CPU
		{80C7A2A5-BC48-4D9F-A27F-88D2E7528B3D}.Release|Any CPU.ActiveCfg = Release|Any CPU
		{80C7A2A5-BC48-4D9F-A27F-88D2E7528B3D}.Release|Any CPU.Build.0 = Release|Any CPU
	EndGlobalSection
	GlobalSection(SolutionProperties) = preSolution
		HideSolutionNode = FALSE
	EndGlobalSection
	GlobalSection(ExtensibilityGlobals) = postSolution
		SolutionGuid = {10FA3617-0B3A-4746-B9F1-7A2A9EBF6B90}
	EndGlobalSection
EndGlobal
